{
  "name": "spectrastem-frontend",
  "lockfileVersion": 2,
  "requires": true,
  "packages": {
    "": {
      "dependencies": {
        "wavesurfer.js": "^7.8.7"
      }
    },
    "node_modules/wavesurfer.js": {
      "version": "7.8.7",
      "resolved": "https://registry.npmjs.org/wavesurfer.js/-/wavesurfer.js-7.8.7.tgz",
      "integrity": "sha512-nOZDtXMtz1zhVQy410ZlH+NVKYHMVHM8nT1kSDv2ABAK7Ig/OXFGfVK2SO4jkHWKdy/r/ZxuCvSd+oAoDW8KVQ=="
    }
  },
  "dependencies": {
    "wavesurfer.js": {
      "version": "7.8.7",
      "resolved": "https://registry.npmjs.org/wavesurfer.js/-/wavesurfer.js-7.8.7.tgz",
      "integrity": "sha512-nOZDtXMtz1zhVQy410ZlH+NVKYHMVHM8nT1kSDv2ABAK7Ig/OXFGfVK2SO4jkHWKdy/r/ZxuCvSd+oAoDW8KVQ=="
    }
  }
}
